
Microsoft Visual Studio Solution File, Format Version 12.00
# Visual Studio Version 17
VisualStudioVersion = 17.10.35013.160
MinimumVisualStudioVersion = 10.0.40219.1
Project("{9A19103F-16F7-4668-BE54-9A1E7A4F7556}") = "CadastroNumeros.Teste", "CadastroNumeros.Teste\CadastroNumeros.Teste.csproj", "{87504D62-5C78-455F-8270-154E6518DE48}"
EndProject
Project("{9A19103F-16F7-4668-BE54-9A1E7A4F7556}") = "CadastroNumeros.Domain", "CadastroNumeros.Domain\CadastroNumeros.Domain.csproj", "{854B862C-B14E-49BE-99DD-5FDCE0D908B9}"
EndProject
Project("{9A19103F-16F7-4668-BE54-9A1E7A4F7556}") = "CadastroNumeros.Infra", "CadastroNumeros.Infra\CadastroNumeros.Infra.csproj", "{59D250D4-ABC9-4C52-A54F-84184E08A542}"
EndProject
Project("{2150E333-8FDC-42A3-9474-1A3956D46DE8}") = "Solution Items", "Solution Items", "{3A4B1F26-3F61-4B1F-A9B1-B308B07C59DC}"
EndProject
Project("{9A19103F-16F7-4668-BE54-9A1E7A4F7556}") = "CadastroNumeros.Api", "CadastroNumeros.Api\CadastroNumeros.Api.csproj", "{8015185A-02F5-48E9-924D-5838E67663D2}"
EndProject
Global
	GlobalSection(SolutionConfigurationPlatforms) = preSolution
		Debug|Any CPU = Debug|Any CPU
		Release|Any CPU = Release|Any CPU
	EndGlobalSection
	GlobalSection(ProjectConfigurationPlatforms) = postSolution
		{87504D62-5C78-455F-8270-154E6518DE48}.Debug|Any CPU.ActiveCfg = Debug|Any CPU
		{87504D62-5C78-455F-8270-154E6518DE48}.Debug|Any CPU.Build.0 = Debug|Any CPU
		{87504D62-5C78-455F-8270-154E6518DE48}.Release|Any CPU.ActiveCfg = Release|Any CPU
		{87504D62-5C78-455F-8270-154E6518DE48}.Release|Any CPU.Build.0 = Release|Any CPU
		{854B862C-B14E-49BE-99DD-5FDCE0D908B9}.Debug|Any CPU.ActiveCfg = Debug|Any CPU
		{854B862C-B14E-49BE-99DD-5FDCE0D908B9}.Debug|Any CPU.Build.0 = Debug|Any CPU
		{854B862C-B14E-49BE-99DD-5FDCE0D908B9}.Release|Any CPU.ActiveCfg = Release|Any CPU
		{854B862C-B14E-49BE-99DD-5FDCE0D908B9}.Release|Any CPU.Build.0 = Release|Any CPU
		{59D250D4-ABC9-4C52-A54F-84184E08A542}.Debug|Any CPU.ActiveCfg = Debug|Any CPU
		{59D250D4-ABC9-4C52-A54F-84184E08A542}.Debug|Any CPU.Build.0 = Debug|Any CPU
		{59D250D4-ABC9-4C52-A54F-84184E08A542}.Release|Any CPU.ActiveCfg = Release|Any CPU
		{59D250D4-ABC9-4C52-A54F-84184E08A542}.Release|Any CPU.Build.0 = Release|Any CPU
		{8015185A-02F5-48E9-924D-5838E67663D2}.Debug|Any CPU.ActiveCfg = Debug|Any CPU
		{8015185A-02F5-48E9-924D-5838E67663D2}.Debug|Any CPU.Build.0 = Debug|Any CPU
		{8015185A-02F5-48E9-924D-5838E67663D2}.Release|Any CPU.ActiveCfg = Release|Any CPU
		{8015185A-02F5-48E9-924D-5838E67663D2}.Release|Any CPU.Build.0 = Release|Any CPU
	EndGlobalSection
	GlobalSection(SolutionProperties) = preSolution
		HideSolutionNode = FALSE
	EndGlobalSection
	GlobalSection(ExtensibilityGlobals) = postSolution
		SolutionGuid = {FA181036-2A22-4998-B0BB-C4F95A56CE86}
	EndGlobalSection
EndGlobal
