
Microsoft Visual Studio Solution File, Format Version 12.00
# Visual Studio Version 17
VisualStudioVersion = 17.10.35013.160
MinimumVisualStudioVersion = 10.0.40219.1
Project("{FAE04EC0-301F-11D3-BF4B-00C04F79EFBC}") = "CadastroNumeros", "CadastroNumeros\CadastroNumeros.csproj", "{806BC7D3-29FE-45CA-826E-1A5D1BDFBB96}"
EndProject
Global
	GlobalSection(SolutionConfigurationPlatforms) = preSolution
		Debug|Any CPU = Debug|Any CPU
		Release|Any CPU = Release|Any CPU
	EndGlobalSection
	GlobalSection(ProjectConfigurationPlatforms) = postSolution
		{806BC7D3-29FE-45CA-826E-1A5D1BDFBB96}.Debug|Any CPU.ActiveCfg = Debug|Any CPU
		{806BC7D3-29FE-45CA-826E-1A5D1BDFBB96}.Debug|Any CPU.Build.0 = Debug|Any CPU
		{806BC7D3-29FE-45CA-826E-1A5D1BDFBB96}.Release|Any CPU.ActiveCfg = Release|Any CPU
		{806BC7D3-29FE-45CA-826E-1A5D1BDFBB96}.Release|Any CPU.Build.0 = Release|Any CPU
	EndGlobalSection
	GlobalSection(SolutionProperties) = preSolution
		HideSolutionNode = FALSE
	EndGlobalSection
	GlobalSection(ExtensibilityGlobals) = postSolution
		SolutionGuid = {FA181036-2A22-4998-B0BB-C4F95A56CE86}
	EndGlobalSection
EndGlobal
